
Microsoft Visual Studio Solution File, Format Version 12.00
# Visual Studio 14
VisualStudioVersion = 14.0.25420.1
MinimumVisualStudioVersion = 10.0.40219.1
Project("{2150E333-8FDC-42A3-9474-1A3956D46DE8}") = "2. Presentation", "2. Presentation", "{981F220C-6DCD-4448-8DCE-4A27FF204D75}"
EndProject
Project("{2150E333-8FDC-42A3-9474-1A3956D46DE8}") = "3. Core", "3. Core", "{FFF3868A-036D-4AFC-BA89-4DD843F9B2B4}"
EndProject
Project("{FAE04EC0-301F-11D3-BF4B-00C04F79EFBC}") = "HRTools.Core.Services", "HRTools.Core.Services\HRTools.Core.Services.csproj", "{0A285F1A-6B37-4872-B9F0-5F4549780069}"
EndProject
Project("{FAE04EC0-301F-11D3-BF4B-00C04F79EFBC}") = "HRTools.Core.Repositories", "HRTools.Core.Repositories\HRTools.Core.Repositories.csproj", "{9FAE9A43-F288-4D6D-9397-BDF58EA727DA}"
EndProject
Project("{FAE04EC0-301F-11D3-BF4B-00C04F79EFBC}") = "HRTools.Core.Common", "HRTools.Core.Common\HRTools.Core.Common.csproj", "{F29A5E35-693D-46C0-A054-6B0D2D3400EA}"
EndProject
Project("{2150E333-8FDC-42A3-9474-1A3956D46DE8}") = "4. ProjectAssignment", "4. ProjectAssignment", "{59DC9785-BE64-4C28-9751-C59D963FB68C}"
EndProject
Project("{FAE04EC0-301F-11D3-BF4B-00C04F79EFBC}") = "HRTools.ProjectAssignment.Services", "HRTools.ProjectAssignment.Services\HRTools.ProjectAssignment.Services.csproj", "{3D8D0A7A-2918-4486-A2BC-B45920CDBD6C}"
EndProject
Project("{FAE04EC0-301F-11D3-BF4B-00C04F79EFBC}") = "HRTools.ProjectAssignment.Repositories", "HRTools.ProjectAssignment.Repositories\HRTools.ProjectAssignment.Repositories.csproj", "{CF04CD25-58DC-4378-BF25-074757044E9A}"
EndProject
Project("{FAE04EC0-301F-11D3-BF4B-00C04F79EFBC}") = "HRTools.ProjectAssignment.Common", "HRTools.ProjectAssignment.Common\HRTools.ProjectAssignment.Common.csproj", "{D5682932-CAC6-4F16-8654-943F093B196E}"
EndProject
Project("{2150E333-8FDC-42A3-9474-1A3956D46DE8}") = "5. ATS", "5. ATS", "{66B148A9-74DE-4EF9-A07F-4AE66D265BC7}"
EndProject
Project("{FAE04EC0-301F-11D3-BF4B-00C04F79EFBC}") = "HRTools.ATS.Services", "HRTools.ATS.Services\HRTools.ATS.Services.csproj", "{2EA0DCC1-B6AB-4974-8226-9C30CEFB46F8}"
EndProject
Project("{FAE04EC0-301F-11D3-BF4B-00C04F79EFBC}") = "HRTools.ATS.Repositories", "HRTools.ATS.Repositories\HRTools.ATS.Repositories.csproj", "{092E997E-8FB5-429D-9D47-D650AB62DD55}"
EndProject
Project("{FAE04EC0-301F-11D3-BF4B-00C04F79EFBC}") = "HRTools.ATS.Common", "HRTools.ATS.Common\HRTools.ATS.Common.csproj", "{9598237D-250D-46FA-ABB3-FC0300D87248}"
EndProject
Project("{2150E333-8FDC-42A3-9474-1A3956D46DE8}") = "6. Crosscutting", "6. Crosscutting", "{365D77B1-5306-478F-95C7-0F41FFD9DA7A}"
EndProject
Project("{FAE04EC0-301F-11D3-BF4B-00C04F79EFBC}") = "HRTools.Crosscutting.Common", "HRTools.Crosscutting.Common\HRTools.Crosscutting.Common.csproj", "{5389C877-D6DF-4D2A-A957-8833F54D98C1}"
EndProject
Project("{2150E333-8FDC-42A3-9474-1A3956D46DE8}") = "0. Deployment", "0. Deployment", "{195FACE4-B1A7-441D-816E-754D8D969C0E}"
EndProject
Project("{FAE04EC0-301F-11D3-BF4B-00C04F79EFBC}") = "HRTools.Presentation.Public", "HRTools.Presentation.Public\HRTools.Presentation.Public.csproj", "{AEC7B891-0BBA-4BE2-A435-08BA8019B931}"
EndProject
Project("{FAE04EC0-301F-11D3-BF4B-00C04F79EFBC}") = "HRTools.Presentation.Admin", "HRTools.Presentation.Admin\HRTools.Presentation.Admin.csproj", "{A014FA44-E912-46A7-A5DF-4689C1028EC2}"
EndProject
Project("{FAE04EC0-301F-11D3-BF4B-00C04F79EFBC}") = "HRTools.Presentation.PerformanceTests", "HRTools.Presentation.Tests\HRTools.Presentation.PerformanceTests.csproj", "{16789FDC-5A5B-49F4-BDC2-9328F34870F2}"
EndProject
Project("{FAE04EC0-301F-11D3-BF4B-00C04F79EFBC}") = "HRTools.Core.Tests", "HRTools.Core.Tests\HRTools.Core.Tests.csproj", "{D7488BD7-23DE-4F56-95C6-4CC906F56A36}"
EndProject
Project("{FAE04EC0-301F-11D3-BF4B-00C04F79EFBC}") = "HRTools.ProjectAssignment.Tests", "HRTools.ProjectAssignment.Tests\HRTools.ProjectAssignment.Tests.csproj", "{041D0083-00E1-44AC-8287-1CA0EC1E7894}"
EndProject
Project("{FAE04EC0-301F-11D3-BF4B-00C04F79EFBC}") = "HRTools.ATS.Tests", "HRTools.ATS.Tests\HRTools.ATS.Tests.csproj", "{2A4EE634-B7BD-4ADD-98CD-7648C2467980}"
EndProject
Project("{2150E333-8FDC-42A3-9474-1A3956D46DE8}") = "1. Authorization", "1. Authorization", "{1BF1ECB8-62EF-496A-B63C-192467CA714A}"
EndProject
Project("{FAE04EC0-301F-11D3-BF4B-00C04F79EFBC}") = "Database", "Database1\Database.csproj", "{F94DDB60-22A3-45B9-994D-6EA6FFB598CD}"
EndProject
Project("{FAE04EC0-301F-11D3-BF4B-00C04F79EFBC}") = "HRTools.ProjectAssignment.Consumers", "HRTools.ProjectAssignment.Handlers\HRTools.ProjectAssignment.Consumers.csproj", "{8C83E8F8-1464-4208-B58F-97A72468503A}"
EndProject
Project("{FAE04EC0-301F-11D3-BF4B-00C04F79EFBC}") = "HRTools.Crosscutting.Messaging", "HRTools.Crosscutting.Messaging\HRTools.Crosscutting.Messaging.csproj", "{2761CEE5-7FE1-4837-AA0B-29D889768582}"
EndProject
Project("{FAE04EC0-301F-11D3-BF4B-00C04F79EFBC}") = "HRTools.AuthorizationServer", "HRTools.AuthorizationServer\HRTools.AuthorizationServer.csproj", "{6BBD840A-CAC2-437B-ADBD-5BD9D9488C30}"
EndProject
Global
	GlobalSection(SolutionConfigurationPlatforms) = preSolution
		Debug|Any CPU = Debug|Any CPU
		Release|Any CPU = Release|Any CPU
	EndGlobalSection
	GlobalSection(ProjectConfigurationPlatforms) = postSolution
		{0A285F1A-6B37-4872-B9F0-5F4549780069}.Debug|Any CPU.ActiveCfg = Debug|Any CPU
		{0A285F1A-6B37-4872-B9F0-5F4549780069}.Debug|Any CPU.Build.0 = Debug|Any CPU
		{0A285F1A-6B37-4872-B9F0-5F4549780069}.Release|Any CPU.ActiveCfg = Release|Any CPU
		{0A285F1A-6B37-4872-B9F0-5F4549780069}.Release|Any CPU.Build.0 = Release|Any CPU
		{9FAE9A43-F288-4D6D-9397-BDF58EA727DA}.Debug|Any CPU.ActiveCfg = Debug|Any CPU
		{9FAE9A43-F288-4D6D-9397-BDF58EA727DA}.Debug|Any CPU.Build.0 = Debug|Any CPU
		{9FAE9A43-F288-4D6D-9397-BDF58EA727DA}.Release|Any CPU.ActiveCfg = Release|Any CPU
		{9FAE9A43-F288-4D6D-9397-BDF58EA727DA}.Release|Any CPU.Build.0 = Release|Any CPU
		{F29A5E35-693D-46C0-A054-6B0D2D3400EA}.Debug|Any CPU.ActiveCfg = Debug|Any CPU
		{F29A5E35-693D-46C0-A054-6B0D2D3400EA}.Debug|Any CPU.Build.0 = Debug|Any CPU
		{F29A5E35-693D-46C0-A054-6B0D2D3400EA}.Release|Any CPU.ActiveCfg = Release|Any CPU
		{F29A5E35-693D-46C0-A054-6B0D2D3400EA}.Release|Any CPU.Build.0 = Release|Any CPU
		{3D8D0A7A-2918-4486-A2BC-B45920CDBD6C}.Debug|Any CPU.ActiveCfg = Debug|Any CPU
		{3D8D0A7A-2918-4486-A2BC-B45920CDBD6C}.Debug|Any CPU.Build.0 = Debug|Any CPU
		{3D8D0A7A-2918-4486-A2BC-B45920CDBD6C}.Release|Any CPU.ActiveCfg = Release|Any CPU
		{3D8D0A7A-2918-4486-A2BC-B45920CDBD6C}.Release|Any CPU.Build.0 = Release|Any CPU
		{CF04CD25-58DC-4378-BF25-074757044E9A}.Debug|Any CPU.ActiveCfg = Debug|Any CPU
		{CF04CD25-58DC-4378-BF25-074757044E9A}.Debug|Any CPU.Build.0 = Debug|Any CPU
		{CF04CD25-58DC-4378-BF25-074757044E9A}.Release|Any CPU.ActiveCfg = Release|Any CPU
		{CF04CD25-58DC-4378-BF25-074757044E9A}.Release|Any CPU.Build.0 = Release|Any CPU
		{D5682932-CAC6-4F16-8654-943F093B196E}.Debug|Any CPU.ActiveCfg = Debug|Any CPU
		{D5682932-CAC6-4F16-8654-943F093B196E}.Debug|Any CPU.Build.0 = Debug|Any CPU
		{D5682932-CAC6-4F16-8654-943F093B196E}.Release|Any CPU.ActiveCfg = Release|Any CPU
		{D5682932-CAC6-4F16-8654-943F093B196E}.Release|Any CPU.Build.0 = Release|Any CPU
		{2EA0DCC1-B6AB-4974-8226-9C30CEFB46F8}.Debug|Any CPU.ActiveCfg = Debug|Any CPU
		{2EA0DCC1-B6AB-4974-8226-9C30CEFB46F8}.Debug|Any CPU.Build.0 = Debug|Any CPU
		{2EA0DCC1-B6AB-4974-8226-9C30CEFB46F8}.Release|Any CPU.ActiveCfg = Release|Any CPU
		{2EA0DCC1-B6AB-4974-8226-9C30CEFB46F8}.Release|Any CPU.Build.0 = Release|Any CPU
		{092E997E-8FB5-429D-9D47-D650AB62DD55}.Debug|Any CPU.ActiveCfg = Debug|Any CPU
		{092E997E-8FB5-429D-9D47-D650AB62DD55}.Debug|Any CPU.Build.0 = Debug|Any CPU
		{092E997E-8FB5-429D-9D47-D650AB62DD55}.Release|Any CPU.ActiveCfg = Release|Any CPU
		{092E997E-8FB5-429D-9D47-D650AB62DD55}.Release|Any CPU.Build.0 = Release|Any CPU
		{9598237D-250D-46FA-ABB3-FC0300D87248}.Debug|Any CPU.ActiveCfg = Debug|Any CPU
		{9598237D-250D-46FA-ABB3-FC0300D87248}.Debug|Any CPU.Build.0 = Debug|Any CPU
		{9598237D-250D-46FA-ABB3-FC0300D87248}.Release|Any CPU.ActiveCfg = Release|Any CPU
		{9598237D-250D-46FA-ABB3-FC0300D87248}.Release|Any CPU.Build.0 = Release|Any CPU
		{5389C877-D6DF-4D2A-A957-8833F54D98C1}.Debug|Any CPU.ActiveCfg = Debug|Any CPU
		{5389C877-D6DF-4D2A-A957-8833F54D98C1}.Debug|Any CPU.Build.0 = Debug|Any CPU
		{5389C877-D6DF-4D2A-A957-8833F54D98C1}.Release|Any CPU.ActiveCfg = Release|Any CPU
		{5389C877-D6DF-4D2A-A957-8833F54D98C1}.Release|Any CPU.Build.0 = Release|Any CPU
		{AEC7B891-0BBA-4BE2-A435-08BA8019B931}.Debug|Any CPU.ActiveCfg = Debug|Any CPU
		{AEC7B891-0BBA-4BE2-A435-08BA8019B931}.Debug|Any CPU.Build.0 = Debug|Any CPU
		{AEC7B891-0BBA-4BE2-A435-08BA8019B931}.Release|Any CPU.ActiveCfg = Release|Any CPU
		{AEC7B891-0BBA-4BE2-A435-08BA8019B931}.Release|Any CPU.Build.0 = Release|Any CPU
		{A014FA44-E912-46A7-A5DF-4689C1028EC2}.Debug|Any CPU.ActiveCfg = Debug|Any CPU
		{A014FA44-E912-46A7-A5DF-4689C1028EC2}.Debug|Any CPU.Build.0 = Debug|Any CPU
		{A014FA44-E912-46A7-A5DF-4689C1028EC2}.Release|Any CPU.ActiveCfg = Release|Any CPU
		{A014FA44-E912-46A7-A5DF-4689C1028EC2}.Release|Any CPU.Build.0 = Release|Any CPU
		{16789FDC-5A5B-49F4-BDC2-9328F34870F2}.Debug|Any CPU.ActiveCfg = Debug|Any CPU
		{16789FDC-5A5B-49F4-BDC2-9328F34870F2}.Debug|Any CPU.Build.0 = Debug|Any CPU
		{16789FDC-5A5B-49F4-BDC2-9328F34870F2}.Release|Any CPU.ActiveCfg = Release|Any CPU
		{16789FDC-5A5B-49F4-BDC2-9328F34870F2}.Release|Any CPU.Build.0 = Release|Any CPU
		{D7488BD7-23DE-4F56-95C6-4CC906F56A36}.Debug|Any CPU.ActiveCfg = Debug|Any CPU
		{D7488BD7-23DE-4F56-95C6-4CC906F56A36}.Debug|Any CPU.Build.0 = Debug|Any CPU
		{D7488BD7-23DE-4F56-95C6-4CC906F56A36}.Release|Any CPU.ActiveCfg = Release|Any CPU
		{D7488BD7-23DE-4F56-95C6-4CC906F56A36}.Release|Any CPU.Build.0 = Release|Any CPU
		{041D0083-00E1-44AC-8287-1CA0EC1E7894}.Debug|Any CPU.ActiveCfg = Debug|Any CPU
		{041D0083-00E1-44AC-8287-1CA0EC1E7894}.Debug|Any CPU.Build.0 = Debug|Any CPU
		{041D0083-00E1-44AC-8287-1CA0EC1E7894}.Release|Any CPU.ActiveCfg = Release|Any CPU
		{041D0083-00E1-44AC-8287-1CA0EC1E7894}.Release|Any CPU.Build.0 = Release|Any CPU
		{2A4EE634-B7BD-4ADD-98CD-7648C2467980}.Debug|Any CPU.ActiveCfg = Debug|Any CPU
		{2A4EE634-B7BD-4ADD-98CD-7648C2467980}.Debug|Any CPU.Build.0 = Debug|Any CPU
		{2A4EE634-B7BD-4ADD-98CD-7648C2467980}.Release|Any CPU.ActiveCfg = Release|Any CPU
		{2A4EE634-B7BD-4ADD-98CD-7648C2467980}.Release|Any CPU.Build.0 = Release|Any CPU
		{F94DDB60-22A3-45B9-994D-6EA6FFB598CD}.Debug|Any CPU.ActiveCfg = Debug|Any CPU
		{F94DDB60-22A3-45B9-994D-6EA6FFB598CD}.Debug|Any CPU.Build.0 = Debug|Any CPU
		{F94DDB60-22A3-45B9-994D-6EA6FFB598CD}.Release|Any CPU.ActiveCfg = Release|Any CPU
		{F94DDB60-22A3-45B9-994D-6EA6FFB598CD}.Release|Any CPU.Build.0 = Release|Any CPU
		{8C83E8F8-1464-4208-B58F-97A72468503A}.Debug|Any CPU.ActiveCfg = Debug|Any CPU
		{8C83E8F8-1464-4208-B58F-97A72468503A}.Debug|Any CPU.Build.0 = Debug|Any CPU
		{8C83E8F8-1464-4208-B58F-97A72468503A}.Release|Any CPU.ActiveCfg = Release|Any CPU
		{8C83E8F8-1464-4208-B58F-97A72468503A}.Release|Any CPU.Build.0 = Release|Any CPU
		{2761CEE5-7FE1-4837-AA0B-29D889768582}.Debug|Any CPU.ActiveCfg = Debug|Any CPU
		{2761CEE5-7FE1-4837-AA0B-29D889768582}.Debug|Any CPU.Build.0 = Debug|Any CPU
		{2761CEE5-7FE1-4837-AA0B-29D889768582}.Release|Any CPU.ActiveCfg = Release|Any CPU
		{2761CEE5-7FE1-4837-AA0B-29D889768582}.Release|Any CPU.Build.0 = Release|Any CPU
		{6BBD840A-CAC2-437B-ADBD-5BD9D9488C30}.Debug|Any CPU.ActiveCfg = Debug|Any CPU
		{6BBD840A-CAC2-437B-ADBD-5BD9D9488C30}.Debug|Any CPU.Build.0 = Debug|Any CPU
		{6BBD840A-CAC2-437B-ADBD-5BD9D9488C30}.Release|Any CPU.ActiveCfg = Release|Any CPU
		{6BBD840A-CAC2-437B-ADBD-5BD9D9488C30}.Release|Any CPU.Build.0 = Release|Any CPU
	EndGlobalSection
	GlobalSection(SolutionProperties) = preSolution
		HideSolutionNode = FALSE
	EndGlobalSection
	GlobalSection(NestedProjects) = preSolution
		{0A285F1A-6B37-4872-B9F0-5F4549780069} = {FFF3868A-036D-4AFC-BA89-4DD843F9B2B4}
		{9FAE9A43-F288-4D6D-9397-BDF58EA727DA} = {FFF3868A-036D-4AFC-BA89-4DD843F9B2B4}
		{F29A5E35-693D-46C0-A054-6B0D2D3400EA} = {FFF3868A-036D-4AFC-BA89-4DD843F9B2B4}
		{3D8D0A7A-2918-4486-A2BC-B45920CDBD6C} = {59DC9785-BE64-4C28-9751-C59D963FB68C}
		{CF04CD25-58DC-4378-BF25-074757044E9A} = {59DC9785-BE64-4C28-9751-C59D963FB68C}
		{D5682932-CAC6-4F16-8654-943F093B196E} = {59DC9785-BE64-4C28-9751-C59D963FB68C}
		{2EA0DCC1-B6AB-4974-8226-9C30CEFB46F8} = {66B148A9-74DE-4EF9-A07F-4AE66D265BC7}
		{092E997E-8FB5-429D-9D47-D650AB62DD55} = {66B148A9-74DE-4EF9-A07F-4AE66D265BC7}
		{9598237D-250D-46FA-ABB3-FC0300D87248} = {66B148A9-74DE-4EF9-A07F-4AE66D265BC7}
		{5389C877-D6DF-4D2A-A957-8833F54D98C1} = {365D77B1-5306-478F-95C7-0F41FFD9DA7A}
		{AEC7B891-0BBA-4BE2-A435-08BA8019B931} = {981F220C-6DCD-4448-8DCE-4A27FF204D75}
		{A014FA44-E912-46A7-A5DF-4689C1028EC2} = {981F220C-6DCD-4448-8DCE-4A27FF204D75}
		{16789FDC-5A5B-49F4-BDC2-9328F34870F2} = {981F220C-6DCD-4448-8DCE-4A27FF204D75}
		{D7488BD7-23DE-4F56-95C6-4CC906F56A36} = {FFF3868A-036D-4AFC-BA89-4DD843F9B2B4}
		{041D0083-00E1-44AC-8287-1CA0EC1E7894} = {59DC9785-BE64-4C28-9751-C59D963FB68C}
		{2A4EE634-B7BD-4ADD-98CD-7648C2467980} = {66B148A9-74DE-4EF9-A07F-4AE66D265BC7}
		{F94DDB60-22A3-45B9-994D-6EA6FFB598CD} = {195FACE4-B1A7-441D-816E-754D8D969C0E}
		{8C83E8F8-1464-4208-B58F-97A72468503A} = {59DC9785-BE64-4C28-9751-C59D963FB68C}
		{2761CEE5-7FE1-4837-AA0B-29D889768582} = {365D77B1-5306-478F-95C7-0F41FFD9DA7A}
		{6BBD840A-CAC2-437B-ADBD-5BD9D9488C30} = {1BF1ECB8-62EF-496A-B63C-192467CA714A}
	EndGlobalSection
EndGlobal
